
Microsoft Visual Studio Solution File, Format Version 12.00
# Visual Studio Version 16
VisualStudioVersion = 16.0.31702.278
MinimumVisualStudioVersion = 10.0.40219.1
Project("{FAE04EC0-301F-11D3-BF4B-00C04F79EFBC}") = "Emailer.Smtp", "Emailer.Smtp\Emailer.Smtp.csproj", "{243C5C17-FCBC-4636-A8AC-9B9B45D57CDC}"
EndProject
Global
	GlobalSection(SolutionConfigurationPlatforms) = preSolution
		Debug|Any CPU = Debug|Any CPU
		Release|Any CPU = Release|Any CPU
	EndGlobalSection
	GlobalSection(ProjectConfigurationPlatforms) = postSolution
		{243C5C17-FCBC-4636-A8AC-9B9B45D57CDC}.Debug|Any CPU.ActiveCfg = Debug|Any CPU
		{243C5C17-FCBC-4636-A8AC-9B9B45D57CDC}.Debug|Any CPU.Build.0 = Debug|Any CPU
		{243C5C17-FCBC-4636-A8AC-9B9B45D57CDC}.Release|Any CPU.ActiveCfg = Release|Any CPU
		{243C5C17-FCBC-4636-A8AC-9B9B45D57CDC}.Release|Any CPU.Build.0 = Release|Any CPU
	EndGlobalSection
	GlobalSection(SolutionProperties) = preSolution
		HideSolutionNode = FALSE
	EndGlobalSection
	GlobalSection(ExtensibilityGlobals) = postSolution
		SolutionGuid = {81B59F02-0941-4B73-89EF-DFDC46B5ACAB}
	EndGlobalSection
EndGlobal
