
Microsoft Visual Studio Solution File, Format Version 12.00
# Visual Studio Version 17
VisualStudioVersion = 17.5.33424.131
MinimumVisualStudioVersion = 10.0.40219.1
Project("{FAE04EC0-301F-11D3-BF4B-00C04F79EFBC}") = "StorageOperation.GDrive", "StorageOperation.GDrive\StorageOperation.GDrive.csproj", "{261729C1-C8BF-4564-B4C0-E40C5EFA866E}"
EndProject
Project("{9A19103F-16F7-4668-BE54-9A1E7A4F7556}") = "StorageOperation", "..\StorageOperation\StorageOperation\StorageOperation.csproj", "{ED67DA63-3ECD-4E7B-AD93-235DD178FAF6}"
EndProject
Global
	GlobalSection(SolutionConfigurationPlatforms) = preSolution
		Debug|Any CPU = Debug|Any CPU
		Release|Any CPU = Release|Any CPU
	EndGlobalSection
	GlobalSection(ProjectConfigurationPlatforms) = postSolution
		{261729C1-C8BF-4564-B4C0-E40C5EFA866E}.Debug|Any CPU.ActiveCfg = Debug|Any CPU
		{261729C1-C8BF-4564-B4C0-E40C5EFA866E}.Debug|Any CPU.Build.0 = Debug|Any CPU
		{261729C1-C8BF-4564-B4C0-E40C5EFA866E}.Release|Any CPU.ActiveCfg = Release|Any CPU
		{261729C1-C8BF-4564-B4C0-E40C5EFA866E}.Release|Any CPU.Build.0 = Release|Any CPU
		{ED67DA63-3ECD-4E7B-AD93-235DD178FAF6}.Debug|Any CPU.ActiveCfg = Debug|Any CPU
		{ED67DA63-3ECD-4E7B-AD93-235DD178FAF6}.Debug|Any CPU.Build.0 = Debug|Any CPU
		{ED67DA63-3ECD-4E7B-AD93-235DD178FAF6}.Release|Any CPU.ActiveCfg = Release|Any CPU
		{ED67DA63-3ECD-4E7B-AD93-235DD178FAF6}.Release|Any CPU.Build.0 = Release|Any CPU
	EndGlobalSection
	GlobalSection(SolutionProperties) = preSolution
		HideSolutionNode = FALSE
	EndGlobalSection
	GlobalSection(ExtensibilityGlobals) = postSolution
		SolutionGuid = {7A69467B-9285-4F87-B27E-C9C31277290D}
	EndGlobalSection
EndGlobal
